{
  "name": "project",
  "lockfileVersion": 3,
  "requires": true,
  "packages": {
    "": {
      "dependencies": {
        "@tanstack/react-query-devtools": "^5.85.9"
      }
    },
    "node_modules/@tanstack/query-core": {
      "version": "5.85.9",
      "resolved": "https://registry.npmjs.org/@tanstack/query-core/-/query-core-5.85.9.tgz",
      "integrity": "sha512-5fxb9vwyftYE6KFLhhhDyLr8NO75+Wpu7pmTo+TkwKmMX2oxZDoLwcqGP8ItKSpUMwk3urWgQDZfyWr5Jm9LsQ==",
      "license": "MIT",
      "peer": true,
      "funding": {
        "type": "github",
        "url": "https://github.com/sponsors/tannerlinsley"
      }
    },
    "node_modules/@tanstack/query-devtools": {
      "version": "5.84.0",
      "resolved": "https://registry.npmjs.org/@tanstack/query-devtools/-/query-devtools-5.84.0.tgz",
      "integrity": "sha512-fbF3n+z1rqhvd9EoGp5knHkv3p5B2Zml1yNRjh7sNXklngYI5RVIWUrUjZ1RIcEoscarUb0+bOvIs5x9dwzOXQ==",
      "license": "MIT",
      "funding": {
        "type": "github",
        "url": "https://github.com/sponsors/tannerlinsley"
      }
    },
    "node_modules/@tanstack/react-query": {
      "version": "5.85.9",
      "resolved": "https://registry.npmjs.org/@tanstack/react-query/-/react-query-5.85.9.tgz",
      "integrity": "sha512-2T5zgSpcOZXGkH/UObIbIkGmUPQqZqn7esVQFXLOze622h4spgWf5jmvrqAo9dnI13/hyMcNsF1jsoDcb59nJQ==",
      "license": "MIT",
      "peer": true,
      "dependencies": {
        "@tanstack/query-core": "5.85.9"
      },
      "funding": {
        "type": "github",
        "url": "https://github.com/sponsors/tannerlinsley"
      },
      "peerDependencies": {
        "react": "^18 || ^19"
      }
    },
    "node_modules/@tanstack/react-query-devtools": {
      "version": "5.85.9",
      "resolved": "https://registry.npmjs.org/@tanstack/react-query-devtools/-/react-query-devtools-5.85.9.tgz",
      "integrity": "sha512-BAdhgwpzxkC1vdyCfiPbbC7FU/t/x6q2d9ZyhON/WykVUdznD69nlppuWpSIlIGipdRG7sF6tRZ6x3GtSq0EUQ==",
      "license": "MIT",
      "dependencies": {
        "@tanstack/query-devtools": "5.84.0"
      },
      "funding": {
        "type": "github",
        "url": "https://github.com/sponsors/tannerlinsley"
      },
      "peerDependencies": {
        "@tanstack/react-query": "^5.85.9",
        "react": "^18 || ^19"
      }
    },
    "node_modules/react": {
      "version": "19.1.1",
      "resolved": "https://registry.npmjs.org/react/-/react-19.1.1.tgz",
      "integrity": "sha512-w8nqGImo45dmMIfljjMwOGtbmC/mk4CMYhWIicdSflH91J9TyCyczcPFXJzrZ/ZXcgGRFeP6BU0BEJTw6tZdfQ==",
      "license": "MIT",
      "peer": true,
      "engines": {
        "node": ">=0.10.0"
      }
    }
  }
}
